
Microsoft Visual Studio Solution File, Format Version 12.00
# Visual Studio Version 17
VisualStudioVersion = 17.5.33516.290
MinimumVisualStudioVersion = 10.0.40219.1
Project("{9A19103F-16F7-4668-BE54-9A1E7A4F7556}") = "Translator", "Translator\Translator.csproj", "{2FEE2DE0-2598-4656-9513-DFCFE9858C57}"
EndProject
Project("{9A19103F-16F7-4668-BE54-9A1E7A4F7556}") = "Translator.Demo", "Translator.Demo\Translator.Demo.csproj", "{976299B5-EB90-46F2-8D1A-1CCB147C9AC3}"
EndProject
Project("{FAE04EC0-301F-11D3-BF4B-00C04F79EFBC}") = "Translator.Tests", "Translator.Tests\Translator.Tests.csproj", "{0EA59ED0-9520-4D26-A2E2-1DB4CC02B17E}"
EndProject
Global
	GlobalSection(SolutionConfigurationPlatforms) = preSolution
		Debug|Any CPU = Debug|Any CPU
		Release|Any CPU = Release|Any CPU
	EndGlobalSection
	GlobalSection(ProjectConfigurationPlatforms) = postSolution
		{2FEE2DE0-2598-4656-9513-DFCFE9858C57}.Debug|Any CPU.ActiveCfg = Debug|Any CPU
		{2FEE2DE0-2598-4656-9513-DFCFE9858C57}.Debug|Any CPU.Build.0 = Debug|Any CPU
		{2FEE2DE0-2598-4656-9513-DFCFE9858C57}.Release|Any CPU.ActiveCfg = Release|Any CPU
		{2FEE2DE0-2598-4656-9513-DFCFE9858C57}.Release|Any CPU.Build.0 = Release|Any CPU
		{976299B5-EB90-46F2-8D1A-1CCB147C9AC3}.Debug|Any CPU.ActiveCfg = Debug|Any CPU
		{976299B5-EB90-46F2-8D1A-1CCB147C9AC3}.Debug|Any CPU.Build.0 = Debug|Any CPU
		{976299B5-EB90-46F2-8D1A-1CCB147C9AC3}.Release|Any CPU.ActiveCfg = Release|Any CPU
		{976299B5-EB90-46F2-8D1A-1CCB147C9AC3}.Release|Any CPU.Build.0 = Release|Any CPU
		{0EA59ED0-9520-4D26-A2E2-1DB4CC02B17E}.Debug|Any CPU.ActiveCfg = Debug|Any CPU
		{0EA59ED0-9520-4D26-A2E2-1DB4CC02B17E}.Debug|Any CPU.Build.0 = Debug|Any CPU
		{0EA59ED0-9520-4D26-A2E2-1DB4CC02B17E}.Release|Any CPU.ActiveCfg = Release|Any CPU
		{0EA59ED0-9520-4D26-A2E2-1DB4CC02B17E}.Release|Any CPU.Build.0 = Release|Any CPU
	EndGlobalSection
	GlobalSection(SolutionProperties) = preSolution
		HideSolutionNode = FALSE
	EndGlobalSection
	GlobalSection(ExtensibilityGlobals) = postSolution
		SolutionGuid = {B83C78A6-FA8E-4D77-A9AA-4C4092928D2F}
	EndGlobalSection
EndGlobal
